
Microsoft Visual Studio Solution File, Format Version 12.00
# Visual Studio Version 17
VisualStudioVersion = 17.4.33213.308
MinimumVisualStudioVersion = 10.0.40219.1
Project("{9A19103F-16F7-4668-BE54-9A1E7A4F7556}") = "MusicApp", "MusicApp\MusicApp.csproj", "{CF9B7CC1-F9E2-451C-B752-962E34A0FEF6}"
EndProject
Project("{9A19103F-16F7-4668-BE54-9A1E7A4F7556}") = "DataAccess", "DataAccess\DataAccess.csproj", "{D40977EB-2464-474F-8C71-9207E7312410}"
EndProject
Global
	GlobalSection(SolutionConfigurationPlatforms) = preSolution
		Debug|Any CPU = Debug|Any CPU
		Release|Any CPU = Release|Any CPU
	EndGlobalSection
	GlobalSection(ProjectConfigurationPlatforms) = postSolution
		{CF9B7CC1-F9E2-451C-B752-962E34A0FEF6}.Debug|Any CPU.ActiveCfg = Debug|Any CPU
		{CF9B7CC1-F9E2-451C-B752-962E34A0FEF6}.Debug|Any CPU.Build.0 = Debug|Any CPU
		{CF9B7CC1-F9E2-451C-B752-962E34A0FEF6}.Release|Any CPU.ActiveCfg = Release|Any CPU
		{CF9B7CC1-F9E2-451C-B752-962E34A0FEF6}.Release|Any CPU.Build.0 = Release|Any CPU
		{D40977EB-2464-474F-8C71-9207E7312410}.Debug|Any CPU.ActiveCfg = Debug|Any CPU
		{D40977EB-2464-474F-8C71-9207E7312410}.Debug|Any CPU.Build.0 = Debug|Any CPU
		{D40977EB-2464-474F-8C71-9207E7312410}.Release|Any CPU.ActiveCfg = Release|Any CPU
		{D40977EB-2464-474F-8C71-9207E7312410}.Release|Any CPU.Build.0 = Release|Any CPU
	EndGlobalSection
	GlobalSection(SolutionProperties) = preSolution
		HideSolutionNode = FALSE
	EndGlobalSection
	GlobalSection(ExtensibilityGlobals) = postSolution
		SolutionGuid = {718DD3C8-2E4C-4203-BC76-1B48259715E5}
	EndGlobalSection
EndGlobal
