
Microsoft Visual Studio Solution File, Format Version 12.00
# Visual Studio Version 17
VisualStudioVersion = 17.4.33213.308
MinimumVisualStudioVersion = 10.0.40219.1
Project("{FAE04EC0-301F-11D3-BF4B-00C04F79EFBC}") = "CityInfo.API", "CityInfo.API\CityInfo.API.csproj", "{39CF3359-30CD-4BB0-89E8-567182A573A5}"
EndProject
Global
	GlobalSection(SolutionConfigurationPlatforms) = preSolution
		Debug|Any CPU = Debug|Any CPU
		Release|Any CPU = Release|Any CPU
	EndGlobalSection
	GlobalSection(ProjectConfigurationPlatforms) = postSolution
		{39CF3359-30CD-4BB0-89E8-567182A573A5}.Debug|Any CPU.ActiveCfg = Debug|Any CPU
		{39CF3359-30CD-4BB0-89E8-567182A573A5}.Debug|Any CPU.Build.0 = Debug|Any CPU
		{39CF3359-30CD-4BB0-89E8-567182A573A5}.Release|Any CPU.ActiveCfg = Release|Any CPU
		{39CF3359-30CD-4BB0-89E8-567182A573A5}.Release|Any CPU.Build.0 = Release|Any CPU
	EndGlobalSection
	GlobalSection(SolutionProperties) = preSolution
		HideSolutionNode = FALSE
	EndGlobalSection
	GlobalSection(ExtensibilityGlobals) = postSolution
		SolutionGuid = {B66F66D6-7B07-4EEA-809B-A78A036BCE16}
	EndGlobalSection
EndGlobal
