
Microsoft Visual Studio Solution File, Format Version 12.00
# Visual Studio Version 17
VisualStudioVersion = 17.4.33213.308
MinimumVisualStudioVersion = 10.0.40219.1
Project("{9A19103F-16F7-4668-BE54-9A1E7A4F7556}") = "CalculatorApp", "..\..\..\L2Code\Learning C#\Learning C Sharp\CalculatorApp\CalculatorApp.csproj", "{ABCB0B93-702B-4A8A-A677-1CC34F35E081}"
EndProject
Global
	GlobalSection(SolutionConfigurationPlatforms) = preSolution
		Debug|Any CPU = Debug|Any CPU
		Release|Any CPU = Release|Any CPU
	EndGlobalSection
	GlobalSection(ProjectConfigurationPlatforms) = postSolution
		{ABCB0B93-702B-4A8A-A677-1CC34F35E081}.Debug|Any CPU.ActiveCfg = Debug|Any CPU
		{ABCB0B93-702B-4A8A-A677-1CC34F35E081}.Debug|Any CPU.Build.0 = Debug|Any CPU
		{ABCB0B93-702B-4A8A-A677-1CC34F35E081}.Release|Any CPU.ActiveCfg = Release|Any CPU
		{ABCB0B93-702B-4A8A-A677-1CC34F35E081}.Release|Any CPU.Build.0 = Release|Any CPU
	EndGlobalSection
	GlobalSection(SolutionProperties) = preSolution
		HideSolutionNode = FALSE
	EndGlobalSection
	GlobalSection(ExtensibilityGlobals) = postSolution
		SolutionGuid = {AD9E3C08-B3E8-47C5-8DD7-0B5AE94F23D7}
	EndGlobalSection
EndGlobal
