
Microsoft Visual Studio Solution File, Format Version 12.00
# Visual Studio Version 17
VisualStudioVersion = 17.4.33213.308
MinimumVisualStudioVersion = 10.0.40219.1
Project("{9A19103F-16F7-4668-BE54-9A1E7A4F7556}") = "CalculatorApp", "..\..\C# VCS\WpfExamples\CalculatorApp\CalculatorApp.csproj", "{64262280-1A0F-4688-94FC-5913817EBD86}"
EndProject
Global
	GlobalSection(SolutionConfigurationPlatforms) = preSolution
		Debug|Any CPU = Debug|Any CPU
		Release|Any CPU = Release|Any CPU
	EndGlobalSection
	GlobalSection(ProjectConfigurationPlatforms) = postSolution
		{64262280-1A0F-4688-94FC-5913817EBD86}.Debug|Any CPU.ActiveCfg = Debug|Any CPU
		{64262280-1A0F-4688-94FC-5913817EBD86}.Debug|Any CPU.Build.0 = Debug|Any CPU
		{64262280-1A0F-4688-94FC-5913817EBD86}.Release|Any CPU.ActiveCfg = Release|Any CPU
		{64262280-1A0F-4688-94FC-5913817EBD86}.Release|Any CPU.Build.0 = Release|Any CPU
	EndGlobalSection
	GlobalSection(SolutionProperties) = preSolution
		HideSolutionNode = FALSE
	EndGlobalSection
	GlobalSection(ExtensibilityGlobals) = postSolution
		SolutionGuid = {59C8C564-6084-4826-B42E-4E379A8F66EE}
	EndGlobalSection
EndGlobal
