
Microsoft Visual Studio Solution File, Format Version 12.00
# Visual Studio Version 17
VisualStudioVersion = 17.4.33213.308
MinimumVisualStudioVersion = 10.0.40219.1
Project("{FAE04EC0-301F-11D3-BF4B-00C04F79EFBC}") = "CoursesWebApi", "CoursesWebApi\CoursesWebApi.csproj", "{7504E03E-430A-42FB-8351-3ED7BB1008E1}"
EndProject
Project("{9A19103F-16F7-4668-BE54-9A1E7A4F7556}") = "DataAccess", "DataAccess\DataAccess.csproj", "{A0CD11CD-AFB1-44FE-A47C-EA84EE05CE3E}"
EndProject
Global
	GlobalSection(SolutionConfigurationPlatforms) = preSolution
		Debug|Any CPU = Debug|Any CPU
		Release|Any CPU = Release|Any CPU
	EndGlobalSection
	GlobalSection(ProjectConfigurationPlatforms) = postSolution
		{7504E03E-430A-42FB-8351-3ED7BB1008E1}.Debug|Any CPU.ActiveCfg = Debug|Any CPU
		{7504E03E-430A-42FB-8351-3ED7BB1008E1}.Debug|Any CPU.Build.0 = Debug|Any CPU
		{7504E03E-430A-42FB-8351-3ED7BB1008E1}.Release|Any CPU.ActiveCfg = Release|Any CPU
		{7504E03E-430A-42FB-8351-3ED7BB1008E1}.Release|Any CPU.Build.0 = Release|Any CPU
		{A0CD11CD-AFB1-44FE-A47C-EA84EE05CE3E}.Debug|Any CPU.ActiveCfg = Debug|Any CPU
		{A0CD11CD-AFB1-44FE-A47C-EA84EE05CE3E}.Debug|Any CPU.Build.0 = Debug|Any CPU
		{A0CD11CD-AFB1-44FE-A47C-EA84EE05CE3E}.Release|Any CPU.ActiveCfg = Release|Any CPU
		{A0CD11CD-AFB1-44FE-A47C-EA84EE05CE3E}.Release|Any CPU.Build.0 = Release|Any CPU
	EndGlobalSection
	GlobalSection(SolutionProperties) = preSolution
		HideSolutionNode = FALSE
	EndGlobalSection
	GlobalSection(ExtensibilityGlobals) = postSolution
		SolutionGuid = {6A6E6163-BD67-4D41-AEB3-3ABDF1FDA6CC}
	EndGlobalSection
EndGlobal
